
Microsoft Visual Studio Solution File, Format Version 12.00
# Visual Studio 2015
Project("{FAE04EC0-301F-11D3-BF4B-00C04F79EFBC}") = "ForgottenWithPointsSystem", "ForgottenWithPointsSystem.csproj", "{FE413E0E-B728-FE54-57BD-0856C6DB4A07}"
EndProject
Project("{FAE04EC0-301F-11D3-BF4B-00C04F79EFBC}") = "ForgottenWithPointsSystem.Editor", "ForgottenWithPointsSystem.Editor.csproj", "{3A61BE0F-669E-679D-4C1E-15D5778D149E}"
EndProject
Global
	GlobalSection(SolutionConfigurationPlatforms) = preSolution
		Debug|Any CPU = Debug|Any CPU
		Release|Any CPU = Release|Any CPU
	EndGlobalSection
	GlobalSection(ProjectConfigurationPlatforms) = postSolution
		{FE413E0E-B728-FE54-57BD-0856C6DB4A07}.Debug|Any CPU.ActiveCfg = Debug|Any CPU
		{FE413E0E-B728-FE54-57BD-0856C6DB4A07}.Debug|Any CPU.Build.0 = Debug|Any CPU
		{FE413E0E-B728-FE54-57BD-0856C6DB4A07}.Release|Any CPU.ActiveCfg = Release|Any CPU
		{FE413E0E-B728-FE54-57BD-0856C6DB4A07}.Release|Any CPU.Build.0 = Release|Any CPU
		{3A61BE0F-669E-679D-4C1E-15D5778D149E}.Debug|Any CPU.ActiveCfg = Debug|Any CPU
		{3A61BE0F-669E-679D-4C1E-15D5778D149E}.Debug|Any CPU.Build.0 = Debug|Any CPU
		{3A61BE0F-669E-679D-4C1E-15D5778D149E}.Release|Any CPU.ActiveCfg = Release|Any CPU
		{3A61BE0F-669E-679D-4C1E-15D5778D149E}.Release|Any CPU.Build.0 = Release|Any CPU
	EndGlobalSection
	GlobalSection(SolutionProperties) = preSolution
		HideSolutionNode = FALSE
	EndGlobalSection
EndGlobal
