
Microsoft Visual Studio Solution File, Format Version 11.00
# Visual Studio 2010
Project("{FAE04EC0-301F-11D3-BF4B-00C04F79EFBC}") = "Forgotten27thApril", "Assembly-CSharp.csproj", "{C59B3F79-E685-66B2-B84B-62FF5FADE495}"
EndProject
Project("{FAE04EC0-301F-11D3-BF4B-00C04F79EFBC}") = "Forgotten27thApril", "Assembly-CSharp-Editor.csproj", "{65E27A66-76AE-25C8-D685-D1631D0B5B96}"
EndProject
Global
	GlobalSection(SolutionConfigurationPlatforms) = preSolution
		Debug|Any CPU = Debug|Any CPU
		Release|Any CPU = Release|Any CPU
	EndGlobalSection
	GlobalSection(ProjectConfigurationPlatforms) = postSolution
		{C59B3F79-E685-66B2-B84B-62FF5FADE495}.Debug|Any CPU.ActiveCfg = Debug|Any CPU
		{C59B3F79-E685-66B2-B84B-62FF5FADE495}.Debug|Any CPU.Build.0 = Debug|Any CPU
		{C59B3F79-E685-66B2-B84B-62FF5FADE495}.Release|Any CPU.ActiveCfg = Release|Any CPU
		{C59B3F79-E685-66B2-B84B-62FF5FADE495}.Release|Any CPU.Build.0 = Release|Any CPU
		{65E27A66-76AE-25C8-D685-D1631D0B5B96}.Debug|Any CPU.ActiveCfg = Debug|Any CPU
		{65E27A66-76AE-25C8-D685-D1631D0B5B96}.Debug|Any CPU.Build.0 = Debug|Any CPU
		{65E27A66-76AE-25C8-D685-D1631D0B5B96}.Release|Any CPU.ActiveCfg = Release|Any CPU
		{65E27A66-76AE-25C8-D685-D1631D0B5B96}.Release|Any CPU.Build.0 = Release|Any CPU
	EndGlobalSection
	GlobalSection(SolutionProperties) = preSolution
		HideSolutionNode = FALSE
	EndGlobalSection
	GlobalSection(MonoDevelopProperties) = preSolution
		StartupItem = Assembly-CSharp.csproj
	EndGlobalSection
EndGlobal
