
Microsoft Visual Studio Solution File, Format Version 11.00
# Visual Studio 2010
Project("{FAE04EC0-301F-11D3-BF4B-00C04F79EFBC}") = "ForgottenNew", "Assembly-CSharp.csproj", "{B539D484-4D30-D04A-7B08-A5339EA3F957}"
EndProject
Project("{FAE04EC0-301F-11D3-BF4B-00C04F79EFBC}") = "ForgottenNew", "Assembly-CSharp-Editor.csproj", "{CBCD6815-6A5B-7A46-97CB-BC74CB710FFE}"
EndProject
Global
	GlobalSection(SolutionConfigurationPlatforms) = preSolution
		Debug|Any CPU = Debug|Any CPU
		Release|Any CPU = Release|Any CPU
	EndGlobalSection
	GlobalSection(ProjectConfigurationPlatforms) = postSolution
		{B539D484-4D30-D04A-7B08-A5339EA3F957}.Debug|Any CPU.ActiveCfg = Debug|Any CPU
		{B539D484-4D30-D04A-7B08-A5339EA3F957}.Debug|Any CPU.Build.0 = Debug|Any CPU
		{B539D484-4D30-D04A-7B08-A5339EA3F957}.Release|Any CPU.ActiveCfg = Release|Any CPU
		{B539D484-4D30-D04A-7B08-A5339EA3F957}.Release|Any CPU.Build.0 = Release|Any CPU
		{CBCD6815-6A5B-7A46-97CB-BC74CB710FFE}.Debug|Any CPU.ActiveCfg = Debug|Any CPU
		{CBCD6815-6A5B-7A46-97CB-BC74CB710FFE}.Debug|Any CPU.Build.0 = Debug|Any CPU
		{CBCD6815-6A5B-7A46-97CB-BC74CB710FFE}.Release|Any CPU.ActiveCfg = Release|Any CPU
		{CBCD6815-6A5B-7A46-97CB-BC74CB710FFE}.Release|Any CPU.Build.0 = Release|Any CPU
	EndGlobalSection
	GlobalSection(SolutionProperties) = preSolution
		HideSolutionNode = FALSE
	EndGlobalSection
	GlobalSection(MonoDevelopProperties) = preSolution
		StartupItem = Assembly-CSharp.csproj
	EndGlobalSection
EndGlobal
