
Microsoft Visual Studio Solution File, Format Version 12.00
# Visual Studio 2015
Project("{FAE04EC0-301F-11D3-BF4B-00C04F79EFBC}") = "ForgottenUpdatedUI", "ForgottenUpdatedUI.csproj", "{4F5FE5BA-4D5A-3347-E4BE-AC9268F5BAC2}"
EndProject
Project("{FAE04EC0-301F-11D3-BF4B-00C04F79EFBC}") = "ForgottenUpdatedUI.Editor", "ForgottenUpdatedUI.Editor.csproj", "{FCB14290-7D22-EE22-5742-D8C1FB6DD4AD}"
EndProject
Global
	GlobalSection(SolutionConfigurationPlatforms) = preSolution
		Debug|Any CPU = Debug|Any CPU
		Release|Any CPU = Release|Any CPU
	EndGlobalSection
	GlobalSection(ProjectConfigurationPlatforms) = postSolution
		{4F5FE5BA-4D5A-3347-E4BE-AC9268F5BAC2}.Debug|Any CPU.ActiveCfg = Debug|Any CPU
		{4F5FE5BA-4D5A-3347-E4BE-AC9268F5BAC2}.Debug|Any CPU.Build.0 = Debug|Any CPU
		{4F5FE5BA-4D5A-3347-E4BE-AC9268F5BAC2}.Release|Any CPU.ActiveCfg = Release|Any CPU
		{4F5FE5BA-4D5A-3347-E4BE-AC9268F5BAC2}.Release|Any CPU.Build.0 = Release|Any CPU
		{FCB14290-7D22-EE22-5742-D8C1FB6DD4AD}.Debug|Any CPU.ActiveCfg = Debug|Any CPU
		{FCB14290-7D22-EE22-5742-D8C1FB6DD4AD}.Debug|Any CPU.Build.0 = Debug|Any CPU
		{FCB14290-7D22-EE22-5742-D8C1FB6DD4AD}.Release|Any CPU.ActiveCfg = Release|Any CPU
		{FCB14290-7D22-EE22-5742-D8C1FB6DD4AD}.Release|Any CPU.Build.0 = Release|Any CPU
	EndGlobalSection
	GlobalSection(SolutionProperties) = preSolution
		HideSolutionNode = FALSE
	EndGlobalSection
EndGlobal
