
Microsoft Visual Studio Solution File, Format Version 12.00
# Visual Studio 2015
Project("{FAE04EC0-301F-11D3-BF4B-00C04F79EFBC}") = "Forgotten27thApril", "Forgotten27thApril.csproj", "{6943641B-3A55-8801-5A3B-644AFEA2C0AD}"
EndProject
Project("{FAE04EC0-301F-11D3-BF4B-00C04F79EFBC}") = "Forgotten27thApril.Editor", "Forgotten27thApril.Editor.csproj", "{223E727B-BDC0-34C9-5D53-8C7983ED5A23}"
EndProject
Global
	GlobalSection(SolutionConfigurationPlatforms) = preSolution
		Debug|Any CPU = Debug|Any CPU
		Release|Any CPU = Release|Any CPU
	EndGlobalSection
	GlobalSection(ProjectConfigurationPlatforms) = postSolution
		{6943641B-3A55-8801-5A3B-644AFEA2C0AD}.Debug|Any CPU.ActiveCfg = Debug|Any CPU
		{6943641B-3A55-8801-5A3B-644AFEA2C0AD}.Debug|Any CPU.Build.0 = Debug|Any CPU
		{6943641B-3A55-8801-5A3B-644AFEA2C0AD}.Release|Any CPU.ActiveCfg = Release|Any CPU
		{6943641B-3A55-8801-5A3B-644AFEA2C0AD}.Release|Any CPU.Build.0 = Release|Any CPU
		{223E727B-BDC0-34C9-5D53-8C7983ED5A23}.Debug|Any CPU.ActiveCfg = Debug|Any CPU
		{223E727B-BDC0-34C9-5D53-8C7983ED5A23}.Debug|Any CPU.Build.0 = Debug|Any CPU
		{223E727B-BDC0-34C9-5D53-8C7983ED5A23}.Release|Any CPU.ActiveCfg = Release|Any CPU
		{223E727B-BDC0-34C9-5D53-8C7983ED5A23}.Release|Any CPU.Build.0 = Release|Any CPU
	EndGlobalSection
	GlobalSection(SolutionProperties) = preSolution
		HideSolutionNode = FALSE
	EndGlobalSection
EndGlobal
